// !$*UTF8*$!
{
	archiveVersion = 1;
	classes = {
	};
	objectVersion = 56;
	objects = {

/* Begin PBXBuildFile section */
		CharlieApp_swift_AA0000000000000001 /* CharlieApp.swift in Sources */ = {isa = PBXBuildFile; fileRef = CharlieApp_swift_REF0000000001 /* CharlieApp.swift */; };
		ContentView_swift_AA0000000000000002 /* ContentView.swift in Sources */ = {isa = PBXBuildFile; fileRef = ContentView_swift_REF0000000002 /* ContentView.swift */; };
		Discovery_swift_AA0000000000000003 /* Discovery.swift in Sources */ = {isa = PBXBuildFile; fileRef = Discovery_swift_REF0000000003 /* Discovery.swift */; };
		Context_swift_AA0000000000000004 /* Context.swift in Sources */ = {isa = PBXBuildFile; fileRef = Context_swift_REF0000000004 /* Context.swift */; };
		TriageState_swift_AA0000000000000005 /* TriageState.swift in Sources */ = {isa = PBXBuildFile; fileRef = TriageState_swift_REF0000000005 /* TriageState.swift */; };
		APIClient_swift_AA0000000000000006 /* APIClient.swift in Sources */ = {isa = PBXBuildFile; fileRef = APIClient_swift_REF0000000006 /* APIClient.swift */; };
		AuthManager_swift_AA0000000000000007 /* AuthManager.swift in Sources */ = {isa = PBXBuildFile; fileRef = AuthManager_swift_REF0000000007 /* AuthManager.swift */; };
		MapView_swift_AA0000000000000008 /* MapView.swift in Sources */ = {isa = PBXBuildFile; fileRef = MapView_swift_REF0000000008 /* MapView.swift */; };
		ContextSwitcher_swift_AA0000000000000009 /* ContextSwitcher.swift in Sources */ = {isa = PBXBuildFile; fileRef = ContextSwitcher_swift_REF0000000009 /* ContextSwitcher.swift */; };
		PlaceBottomSheet_swift_AA0000000000000010 /* PlaceBottomSheet.swift in Sources */ = {isa = PBXBuildFile; fileRef = PlaceBottomSheet_swift_REF0000000010 /* PlaceBottomSheet.swift */; };
		PlaceCard_swift_AA0000000000000011 /* PlaceCard.swift in Sources */ = {isa = PBXBuildFile; fileRef = PlaceCard_swift_REF0000000011 /* PlaceCard.swift */; };
		UserManifest_swift_AA0000000000000012 /* UserManifest.swift in Sources */ = {isa = PBXBuildFile; fileRef = UserManifest_swift_REF0000000012 /* UserManifest.swift */; };
		DiscoveryStore_swift_AA0000000000000013 /* DiscoveryStore.swift in Sources */ = {isa = PBXBuildFile; fileRef = DiscoveryStore_swift_REF0000000013 /* DiscoveryStore.swift */; };
		PlacePinView_swift_AA0000000000000014 /* PlacePinView.swift in Sources */ = {isa = PBXBuildFile; fileRef = PlacePinView_swift_REF0000000014 /* PlacePinView.swift */; };
		LookAroundButton_swift_AA0000000000000015 /* LookAroundButton.swift in Sources */ = {isa = PBXBuildFile; fileRef = LookAroundButton_swift_REF0000000015 /* LookAroundButton.swift */; };
		RouteOverlayManager_swift_AA0000000000000016 /* RouteOverlayManager.swift in Sources */ = {isa = PBXBuildFile; fileRef = RouteOverlayManager_swift_REF0000000016 /* RouteOverlayManager.swift */; };
		MapKit_framework_REF0000000001 /* MapKit.framework in Frameworks */ = {isa = PBXBuildFile; fileRef = MapKit_framework_REF0000000002 /* MapKit.framework */; };
		Security_framework_REF0000000014 /* Security.framework in Frameworks */ = {isa = PBXBuildFile; fileRef = Security_framework_REF0000000015 /* Security.framework */; };
/* End PBXBuildFile section */

/* Begin PBXFileReference section */
		CharlieApp_swift_REF0000000001 /* CharlieApp.swift */ = {isa = PBXFileReference; lastKnownFileType = sourcecode.swift; path = CharlieApp.swift; sourceTree = "<group>"; };
		ContentView_swift_REF0000000002 /* ContentView.swift */ = {isa = PBXFileReference; lastKnownFileType = sourcecode.swift; path = ContentView.swift; sourceTree = "<group>"; };
		Discovery_swift_REF0000000003 /* Discovery.swift */ = {isa = PBXFileReference; lastKnownFileType = sourcecode.swift; path = Discovery.swift; sourceTree = "<group>"; };
		Context_swift_REF0000000004 /* Context.swift */ = {isa = PBXFileReference; lastKnownFileType = sourcecode.swift; path = Context.swift; sourceTree = "<group>"; };
		TriageState_swift_REF0000000005 /* TriageState.swift */ = {isa = PBXFileReference; lastKnownFileType = sourcecode.swift; path = TriageState.swift; sourceTree = "<group>"; };
		APIClient_swift_REF0000000006 /* APIClient.swift */ = {isa = PBXFileReference; lastKnownFileType = sourcecode.swift; path = APIClient.swift; sourceTree = "<group>"; };
		AuthManager_swift_REF0000000007 /* AuthManager.swift */ = {isa = PBXFileReference; lastKnownFileType = sourcecode.swift; path = AuthManager.swift; sourceTree = "<group>"; };
		MapView_swift_REF0000000008 /* MapView.swift */ = {isa = PBXFileReference; lastKnownFileType = sourcecode.swift; path = MapView.swift; sourceTree = "<group>"; };
		ContextSwitcher_swift_REF0000000009 /* ContextSwitcher.swift */ = {isa = PBXFileReference; lastKnownFileType = sourcecode.swift; path = ContextSwitcher.swift; sourceTree = "<group>"; };
		PlaceBottomSheet_swift_REF0000000010 /* PlaceBottomSheet.swift */ = {isa = PBXFileReference; lastKnownFileType = sourcecode.swift; path = PlaceBottomSheet.swift; sourceTree = "<group>"; };
		Charlie_InfoPlist_REF0000000011 /* Info.plist */ = {isa = PBXFileReference; lastKnownFileType = text.plist.xml; path = Info.plist; sourceTree = "<group>"; };
		Charlie_Product_REF0000000012 /* Charlie.app */ = {isa = PBXFileReference; explicitFileType = wrapper.application; includeInIndex = 0; path = Charlie.app; sourceTree = BUILT_PRODUCTS_DIR; };
		MapKit_framework_REF0000000002 /* MapKit.framework */ = {isa = PBXFileReference; lastKnownFileType = wrapper.framework; name = MapKit.framework; path = System/Library/Frameworks/MapKit.framework; sourceTree = SDKROOT; };
		Security_framework_REF0000000015 /* Security.framework */ = {isa = PBXFileReference; lastKnownFileType = wrapper.framework; name = Security.framework; path = System/Library/Frameworks/Security.framework; sourceTree = SDKROOT; };
		PlaceCard_swift_REF0000000011 /* PlaceCard.swift */ = {isa = PBXFileReference; lastKnownFileType = sourcecode.swift; path = PlaceCard.swift; sourceTree = "<group>"; };
		UserManifest_swift_REF0000000012 /* UserManifest.swift */ = {isa = PBXFileReference; lastKnownFileType = sourcecode.swift; path = UserManifest.swift; sourceTree = "<group>"; };
		DiscoveryStore_swift_REF0000000013 /* DiscoveryStore.swift */ = {isa = PBXFileReference; lastKnownFileType = sourcecode.swift; path = DiscoveryStore.swift; sourceTree = "<group>"; };
		PlacePinView_swift_REF0000000014 /* PlacePinView.swift */ = {isa = PBXFileReference; lastKnownFileType = sourcecode.swift; path = PlacePinView.swift; sourceTree = "<group>"; };
		LookAroundButton_swift_REF0000000015 /* LookAroundButton.swift */ = {isa = PBXFileReference; lastKnownFileType = sourcecode.swift; path = LookAroundButton.swift; sourceTree = "<group>"; };
		RouteOverlayManager_swift_REF0000000016 /* RouteOverlayManager.swift */ = {isa = PBXFileReference; lastKnownFileType = sourcecode.swift; path = RouteOverlayManager.swift; sourceTree = "<group>"; };
/* End PBXFileReference section */

/* Begin PBXFrameworksBuildPhase section */
		Charlie_Frameworks_REF0000000013 /* Frameworks */ = {
			isa = PBXFrameworksBuildPhase;
			buildActionMask = 2147483647;
			files = (
				MapKit_framework_REF0000000001 /* MapKit.framework in Frameworks */,
				Security_framework_REF0000000014 /* Security.framework in Frameworks */,
			);
			runOnlyForDeploymentPostprocessing = 0;
		};
/* End PBXFrameworksBuildPhase section */

/* Begin PBXGroup section */
		Charlie_RootGroup_REF0000000014 /* Root */ = {
			isa = PBXGroup;
			children = (
				Charlie_Group_REF0000000015 /* Charlie */,
				Charlie_xcodeproj_Group_REF0000000016 /* Charlie.xcodeproj */,
				Charlie_Products_Group_REF0000000017 /* Products */,
			);
			sourceTree = "<group>";
		};
		Charlie_Group_REF0000000015 /* Charlie */ = {
			isa = PBXGroup;
			children = (
				CharlieApp_swift_REF0000000001 /* CharlieApp.swift */,
				ContentView_swift_REF0000000002 /* ContentView.swift */,
				Charlie_InfoPlist_REF0000000011 /* Info.plist */,
				Charlie_Core_Group_REF0000000018 /* Core */,
				Charlie_Map_Group_REF0000000019 /* Map */,
			);
			path = Charlie;
			sourceTree = "<group>";
		};
		Charlie_Core_Group_REF0000000018 /* Core */ = {
			isa = PBXGroup;
			children = (
				Charlie_Core_APIClient_REF0000000020 /* APIClient.swift */,
				Charlie_Core_AuthManager_REF0000000021 /* AuthManager.swift */,
				Charlie_Core_Store_Group_REF0000000023 /* Store */,
				Charlie_Core_Models_Group_REF0000000022 /* Models */,
			);
			path = Core;
			sourceTree = "<group>";
		};
		Charlie_Core_Store_Group_REF0000000023 /* Store */ = {
			isa = PBXGroup;
			children = (
				DiscoveryStore_swift_REF0000000013 /* DiscoveryStore.swift */,
			);
			path = Store;
			sourceTree = "<group>";
		};
		Charlie_Core_Models_Group_REF0000000022 /* Models */ = {
			isa = PBXGroup;
			children = (
				Discovery_swift_REF0000000003 /* Discovery.swift */,
				Context_swift_REF0000000004 /* Context.swift */,
				TriageState_swift_REF0000000005 /* TriageState.swift */,
				PlaceCard_swift_REF0000000011 /* PlaceCard.swift */,
				UserManifest_swift_REF0000000012 /* UserManifest.swift */,
			);
			path = Models;
			sourceTree = "<group>";
		};
		Charlie_Core_APIClient_REF0000000020 /* APIClient.swift */ = {
			isa = PBXGroup;
			children = (
				APIClient_swift_REF0000000006 /* APIClient.swift */,
			);
			path = APIClient.swift;
			sourceTree = "<group>";
		};
		Charlie_Core_AuthManager_REF0000000021 /* AuthManager.swift */ = {
			isa = PBXGroup;
			children = (
				AuthManager_swift_REF0000000007 /* AuthManager.swift */,
			);
			path = AuthManager.swift;
			sourceTree = "<group>";
		};
		Charlie_Map_Group_REF0000000019 /* Map */ = {
			isa = PBXGroup;
			children = (
				MapView_swift_REF0000000008 /* MapView.swift */,
				ContextSwitcher_swift_REF0000000009 /* ContextSwitcher.swift */,
				PlaceBottomSheet_swift_REF0000000010 /* PlaceBottomSheet.swift */,
				PlacePinView_swift_REF0000000014 /* PlacePinView.swift */,
				LookAroundButton_swift_REF0000000015 /* LookAroundButton.swift */,
				RouteOverlayManager_swift_REF0000000016 /* RouteOverlayManager.swift */,
			);
			path = Map;
			sourceTree = "<group>";
		};
		Charlie_xcodeproj_Group_REF0000000016 /* Charlie.xcodeproj */ = {
			isa = PBXGroup;
			children = (
				Charlie_xcodeproj_Project REF0000000023 /* project.pbxproj */,
			);
			path = Charlie.xcodeproj;
			sourceTree = "<group>";
		};
		Charlie_Products_Group_REF0000000017 /* Products */ = {
			isa = PBXGroup;
			children = (
				Charlie_Product_REF0000000012 /* Charlie.app */,
			);
			path = Products;
			sourceTree = "<group>";
		};
/* End PBXGroup section */

/* Begin PBXNativeTarget section */
		Charlie_Target_REF0000000024 /* Charlie */ = {
			isa = PBXNativeTarget;
			buildConfigurationList = Charlie_BuildConfigList_REF0000000025 /* Build configuration list for PBXNativeTarget "Charlie" */;
			buildPhases = (
				Charlie_Sources_Phase_REF0000000026 /* Sources */,
				Charlie_Frameworks_REF0000000013 /* Frameworks */,
				Charlie_Resources_Phase_REF0000000027 /* Resources */,
			);
			buildRules = (
			);
			dependencies = (
			);
			name = Charlie;
			productName = Charlie;
			productReference = Charlie_Product_REF0000000012 /* Charlie.app */;
			productType = "com.apple.product-type.application";
		};
/* End PBXNativeTarget section */

/* Begin PBXProject section */
		Charlie_Project_REF0000000028 /* Project object */ = {
			isa = PBXProject;
			attributes = {
				BuildIndependentTargetsInParallel = 1;
				LastSwiftUpdateCheck = 1500;
				LastUpgradeCheck = 1500;
				TargetAttributes = {
					Charlie_Target_REF0000000024 = {
						CreatedOnToolsVersion = 15.0;
					};
				};
			};
			buildConfigurationList = Charlie_Project_BuildConfigList_REF0000000029 /* Build configuration list for PBXProject "Charlie" */;
			compatibilityVersion = "Xcode 14.0";
			developmentRegion = en;
			hasScannedForEncodings = 0;
			knownRegions = (
				en,
				Base,
			);
			mainGroup = Charlie_RootGroup_REF0000000014 /* Root */;
			productRefGroup = Charlie_Products_Group_REF0000000017 /* Products */;
			projectDirPath = "";
			projectRoot = "";
			targets = (
				Charlie_Target_REF0000000024 /* Charlie */,
			);
		};
/* End PBXProject section */

/* Begin PBXResourcesBuildPhase section */
		Charlie_Resources_Phase_REF0000000027 /* Resources */ = {
			isa = PBXResourcesBuildPhase;
			buildActionMask = 2147483647;
			files = (
			);
			runOnlyForDeploymentPostprocessing = 0;
		};
/* End PBXResourcesBuildPhase section */

/* Begin PBXSourcesBuildPhase section */
		Charlie_Sources_Phase_REF0000000026 /* Sources */ = {
			isa = PBXSourcesBuildPhase;
			buildActionMask = 2147483647;
			files = (
				CharlieApp_swift_AA0000000000000001 /* CharlieApp.swift in Sources */,
				ContentView_swift_AA0000000000000002 /* ContentView.swift in Sources */,
				Discovery_swift_AA0000000000000003 /* Discovery.swift in Sources */,
				Context_swift_AA0000000000000004 /* Context.swift in Sources */,
				TriageState_swift_AA0000000000000005 /* TriageState.swift in Sources */,
				APIClient_swift_AA0000000000000006 /* APIClient.swift in Sources */,
				AuthManager_swift_AA0000000000000007 /* AuthManager.swift in Sources */,
				MapView_swift_AA0000000000000008 /* MapView.swift in Sources */,
				ContextSwitcher_swift_AA0000000000000009 /* ContextSwitcher.swift in Sources */,
				PlaceBottomSheet_swift_AA0000000000000010 /* PlaceBottomSheet.swift in Sources */,
				PlaceCard_swift_AA0000000000000011 /* PlaceCard.swift in Sources */,
				UserManifest_swift_AA0000000000000012 /* UserManifest.swift in Sources */,
				DiscoveryStore_swift_AA0000000000000013 /* DiscoveryStore.swift in Sources */,
				PlacePinView_swift_AA0000000000000014 /* PlacePinView.swift in Sources */,
				LookAroundButton_swift_AA0000000000000015 /* LookAroundButton.swift in Sources */,
				RouteOverlayManager_swift_AA0000000000000016 /* RouteOverlayManager.swift in Sources */,
			);
			runOnlyForDeploymentPostprocessing = 0;
		};
/* End PBXSourcesBuildPhase section */

/* Begin XCBuildConfiguration section */
		Charlie_Debug_Config_REF0000000030 /* Debug */ = {
			isa = XCBuildConfiguration;
			buildSettings = {
				ALWAYS_SEARCH_USER_PATHS = NO;
				ASSETCATALOG_COMPILER_GENERATE_SWIFT_ASSET_SYMBOL_EXTENSIONS = YES;
				CLANG_ANALYZER_NONNULL = YES;
				CLANG_ANALYZER_NUMBER_OBJECT_CONVERSION = YES_AGGRESSIVE;
				CLANG_CXX_LANGUAGE_STANDARD = "gnu++20";
				CLANG_ENABLE_MODULES = YES;
				CLANG_ENABLE_OBJC_ARC = YES;
				CLANG_ENABLE_OBJC_WEAK = YES;
				CLANG_WARN_BLOCK_CAPTURE_AUTORELEASING = YES;
				CLANG_WARN_BOOL_CONVERSION = YES;
				CLANG_WARN_COMMA = YES;
				CLANG_WARN_CONSTANT_CONVERSION = YES;
				CLANG_WARN_DEPRECATED_OBJC_IMPLEMENTATIONS = YES;
				CLANG_WARN_DIRECT_OBJC_ISA_USAGE = YES_ERROR;
				CLANG_WARN_DOCUMENTATION_COMMENTS = YES;
				CLANG_WARN_EMPTY_BODY = YES;
				CLANG_WARN_ENUM_CONVERSION = YES;
				CLANG_WARN_INFINITE_RECURSION = YES;
				CLANG_WARN_INT_CONVERSION = YES;
				CLANG_WARN_NON_LITERAL_NULL_CONVERSION = YES;
				CLANG_WARN_OBJC_IMPLICIT_RETAIN_SELF = YES;
				CLANG_WARN_OBJC_LITERAL_CONVERSION = YES;
				CLANG_WARN_OBJC_ROOT_CLASS = YES_ERROR;
				CLANG_WARN_QUOTED_INCLUDE_IN_FRAMEWORK_HEADER = YES;
				CLANG_WARN_RANGE_LOOP_ANALYSIS = YES;
				CLANG_WARN_STRICT_PROTOTYPES = YES;
				CLANG_WARN_SUSPICIOUS_MOVE = YES;
				CLANG_WARN_UNGUARDED_AVAILABILITY = YES_AGGRESSIVE;
				CLANG_WARN_UNREACHABLE_CODE = YES;
				CLANG_WARN__DUPLICATE_METHOD_MATCH = YES;
				COPY_PHASE_STRIP = NO;
				DEBUG_INFORMATION_FORMAT = dwarf;
				ENABLE_STRICT_OBJC_MSGSEND = YES;
				ENABLE_TESTABILITY = YES;
				ENABLE_USER_SCRIPT_SANDBOXING = YES;
				GCC_C_LANGUAGE_STANDARD = gnu17;
				GCC_DYNAMIC_NO_PIC = NO;
				GCC_NO_COMMON_BLOCKS = YES;
				GCC_OPTIMIZATION_LEVEL = 0;
				GCC_PREPROCESSOR_DEFINITIONS = (
					"DEBUG=1",
					"$(inherited)",
				);
				GCC_WARN_64_TO_32_BIT_CONVERSION = YES;
				GCC_WARN_ABOUT_RETURN_TYPE = YES_ERROR;
				GCC_WARN_UNDECLARED_SELECTOR = YES;
				GCC_WARN_UNINITIALIZED_AUTOS = YES_AGGRESSIVE;
				GCC_WARN_UNUSED_FUNCTION = YES;
				GCC_WARN_UNUSED_VARIABLE = YES;
				IPHONEOS_DEPLOYMENT_TARGET = 17.0;
				LOCALIZATION_PREFERS_STRING_CATALOGS = YES;
				MTL_ENABLE_DEBUG_INFO = INCLUDE_SOURCE;
				MTL_FAST_MATH = YES;
				ONLY_ACTIVE_ARCH = YES;
				SDKROOT = iphoneos;
				SWIFT_ACTIVE_COMPILATION_CONDITIONS = "DEBUG $(inherited)";
				SWIFT_OPTIMIZATION_LEVEL = "-Onone";
				SWIFT_VERSION = 5.0;
			};
			name = Debug;
		};
		Charlie_Release_Config_REF0000000031 /* Release */ = {
			isa = XCBuildConfiguration;
			buildSettings = {
				ALWAYS_SEARCH_USER_PATHS = NO;
				ASSETCATALOG_COMPILER_GENERATE_SWIFT_ASSET_SYMBOL_EXTENSIONS = YES;
				CLANG_ANALYZER_NONNULL = YES;
				CLANG_ANALYZER_NUMBER_OBJECT_CONVERSION = YES_AGGRESSIVE;
				CLANG_CXX_LANGUAGE_STANDARD = "gnu++20";
				CLANG_ENABLE_MODULES = YES;
				CLANG_ENABLE_OBJC_ARC = YES;
				CLANG_ENABLE_OBJC_WEAK = YES;
				CLANG_WARN_BLOCK_CAPTURE_AUTORELEASING = YES;
				CLANG_WARN_BOOL_CONVERSION = YES;
				CLANG_WARN_COMMA = YES;
				CLANG_WARN_CONSTANT_CONVERSION = YES;
				CLANG_WARN_DEPRECATED_OBJC_IMPLEMENTATIONS = YES;
				CLANG_WARN_DIRECT_OBJC_ISA_USAGE = YES_ERROR;
				CLANG_WARN_DOCUMENTATION_COMMENTS = YES;
				CLANG_WARN_EMPTY_BODY = YES;
				CLANG_WARN_ENUM_CONVERSION = YES;
				CLANG_WARN_INFINITE_RECURSION = YES;
				CLANG_WARN_INT_CONVERSION = YES;
				CLANG_WARN_NON_LITERAL_NULL_CONVERSION = YES;
				CLANG_WARN_OBJC_IMPLICIT_RETAIN_SELF = YES;
				CLANG_WARN_OBJC_LITERAL_CONVERSION = YES;
				CLANG_WARN_OBJC_ROOT_CLASS = YES_ERROR;
				CLANG_WARN_QUOTED_INCLUDE_IN_FRAMEWORK_HEADER = YES;
				CLANG_WARN_RANGE_LOOP_ANALYSIS = YES;
				CLANG_WARN_STRICT_PROTOTYPES = YES;
				CLANG_WARN_SUSPICIOUS_MOVE = YES;
				CLANG_WARN_UNGUARDED_AVAILABILITY = YES_AGGRESSIVE;
				CLANG_WARN_UNREACHABLE_CODE = YES;
				CLANG_WARN__DUPLICATE_METHOD_MATCH = YES;
				COPY_PHASE_STRIP = NO;
				DEBUG_INFORMATION_FORMAT = "dwarf-with-dsym";
				ENABLE_NS_ASSERTIONS = NO;
				ENABLE_STRICT_OBJC_MSGSEND = YES;
				ENABLE_USER_SCRIPT_SANDBOXING = YES;
				GCC_C_LANGUAGE_STANDARD = gnu17;
				GCC_NO_COMMON_BLOCKS = YES;
				GCC_WARN_64_TO_32_BIT_CONVERSION = YES;
				GCC_WARN_ABOUT_RETURN_TYPE = YES_ERROR;
				GCC_WARN_UNDECLARED_SELECTOR = YES;
				GCC_WARN_UNINITIALIZED_AUTOS = YES_AGGRESSIVE;
				GCC_WARN_UNUSED_FUNCTION = YES;
				GCC_WARN_UNUSED_VARIABLE = YES;
				IPHONEOS_DEPLOYMENT_TARGET = 17.0;
				LOCALIZATION_PREFERS_STRING_CATALOGS = YES;
				MTL_ENABLE_DEBUG_INFO = NO;
				MTL_FAST_MATH = YES;
				SDKROOT = iphoneos;
				SWIFT_COMPILATION_MODE = wholemodule;
				SWIFT_VERSION = 5.0;
				VALIDATE_PRODUCT = YES;
			};
			name = Release;
		};
		Charlie_Target_Debug_Config_REF0000000032 /* Debug */ = {
			isa = XCBuildConfiguration;
			buildSettings = {
				ASSETCATALOG_COMPILER_APPICON_NAME = AppIcon;
				ASSETCATALOG_COMPILER_GLOBAL_ACCENT_COLOR_NAME = AccentColor;
				CODE_SIGN_STYLE = Automatic;
				CURRENT_PROJECT_VERSION = 1;
				GENERATE_INFOPLIST_FILE = NO;
				INFOPLIST_FILE = Charlie/Info.plist;
				INFOPLIST_KEY_UIApplicationSceneManifest_Generation = NO;
				INFOPLIST_KEY_UIApplicationSupportsIndirectInputEvents = YES;
				INFOPLIST_KEY_UILaunchScreen_Generation = NO;
				INFOPLIST_KEY_UISupportedInterfaceOrientations = UIInterfaceOrientationPortrait;
				INFOPLIST_KEY_NSLocationWhenInUseUsageDescription = "Charlie uses your location to show nearby places";
				INFOPLIST_KEY_NSLocationAlwaysAndWhenInUseUsageDescription = "Charlie uses your location in the background to surface nearby places";
				IPHONEOS_DEPLOYMENT_TARGET = 17.0;
				LD_RUNPATH_SEARCH_PATHS = (
					"$(inherited)",
					"@executable_path/Frameworks",
				);
				MARKETING_VERSION = 1.0;
				PRODUCT_BUNDLE_IDENTIFIER = com.charlie.travel;
				PRODUCT_NAME = "$(TARGET_NAME)";
				SWIFT_EMIT_LOC_STRINGS = YES;
				SWIFT_VERSION = 5.0;
				TARGETED_DEVICE_FAMILY = "1";
			};
			name = Debug;
		};
		Charlie_Target_Release_Config_REF0000000033 /* Release */ = {
			isa = XCBuildConfiguration;
			buildSettings = {
				ASSETCATALOG_COMPILER_APPICON_NAME = AppIcon;
				ASSETCATALOG_COMPILER_GLOBAL_ACCENT_COLOR_NAME = AccentColor;
				CODE_SIGN_STYLE = Automatic;
				CURRENT_PROJECT_VERSION = 1;
				GENERATE_INFOPLIST_FILE = NO;
				INFOPLIST_FILE = Charlie/Info.plist;
				INFOPLIST_KEY_UIApplicationSceneManifest_Generation = NO;
				INFOPLIST_KEY_UIApplicationSupportsIndirectInputEvents = YES;
				INFOPLIST_KEY_UILaunchScreen_Generation = NO;
				INFOPLIST_KEY_UISupportedInterfaceOrientations = UIInterfaceOrientationPortrait;
				INFOPLIST_KEY_NSLocationWhenInUseUsageDescription = "Charlie uses your location to show nearby places";
				INFOPLIST_KEY_NSLocationAlwaysAndWhenInUseUsageDescription = "Charlie uses your location in the background to surface nearby places";
				IPHONEOS_DEPLOYMENT_TARGET = 17.0;
				LD_RUNPATH_SEARCH_PATHS = (
					"$(inherited)",
					"@executable_path/Frameworks",
				);
				MARKETING_VERSION = 1.0;
				PRODUCT_BUNDLE_IDENTIFIER = com.charlie.travel;
				PRODUCT_NAME = "$(TARGET_NAME)";
				SWIFT_EMIT_LOC_STRINGS = YES;
				SWIFT_VERSION = 5.0;
				TARGETED_DEVICE_FAMILY = "1";
			};
			name = Release;
		};
/* End XCBuildConfiguration section */

/* Begin XCConfigurationList section */
		Charlie_Project_BuildConfigList_REF0000000029 /* Build configuration list for PBXProject "Charlie" */ = {
			isa = XCConfigurationList;
			buildConfigurations = (
				Charlie_Debug_Config_REF0000000030 /* Debug */,
				Charlie_Release_Config_REF0000000031 /* Release */,
			);
			defaultConfigurationIsVisible = 0;
			defaultConfigurationName = Release;
		};
		Charlie_BuildConfigList_REF0000000025 /* Build configuration list for PBXNativeTarget "Charlie" */ = {
			isa = XCConfigurationList;
			buildConfigurations = (
				Charlie_Target_Debug_Config_REF0000000032 /* Debug */,
				Charlie_Target_Release_Config_REF0000000033 /* Release */,
			);
			defaultConfigurationIsVisible = 0;
			defaultConfigurationName = Release;
		};
/* End XCConfigurationList section */

	};
	rootObject = Charlie_Project_REF0000000028 /* Project object */;
}
